// !$*UTF8*$!
{
	archiveVersion = 1;
	classes = {
	};
	objectVersion = 50;
	objects = {

/* Begin PBXBuildFile section */
		43DF43711331E4D3386BF40E /* Pods_mood_reading_machines.framework in Frameworks */ = {isa = PBXBuildFile; fileRef = FB7807A53637F90BB81558A1 /* Pods_mood_reading_machines.framework */; };
		459CA2EF36C820F8BBF40CFB /* Pods_mood_reading_machinesTests.framework in Frameworks */ = {isa = PBXBuildFile; fileRef = 7BF1CFBA249A108EDBDD3B03 /* Pods_mood_reading_machinesTests.framework */; };
		6B1B1BB22142EC4400EFEA7F /* AppDelegate.swift in Sources */ = {isa = PBXBuildFile; fileRef = 6B1B1BB12142EC4400EFEA7F /* AppDelegate.swift */; };
		6B1B1BB92142EC4700EFEA7F /* Assets.xcassets in Resources */ = {isa = PBXBuildFile; fileRef = 6B1B1BB82142EC4700EFEA7F /* Assets.xcassets */; };
		6B1B1BBC2142EC4700EFEA7F /* LaunchScreen.storyboard in Resources */ = {isa = PBXBuildFile; fileRef = 6B1B1BBA2142EC4700EFEA7F /* LaunchScreen.storyboard */; };
		6B1B1BC72142EC4700EFEA7F /* mood_reading_machinesTests.swift in Sources */ = {isa = PBXBuildFile; fileRef = 6B1B1BC62142EC4700EFEA7F /* mood_reading_machinesTests.swift */; };
		6B75B0662142EEF700FB87A3 /* .swiftlint.yml in Resources */ = {isa = PBXBuildFile; fileRef = 6B75B0652142EEF700FB87A3 /* .swiftlint.yml */; };
		6BADDC4421431A1A00661F51 /* R.generated.swift in Sources */ = {isa = PBXBuildFile; fileRef = 6BADDC4321431A1A00661F51 /* R.generated.swift */; };
		6BADDC4621431A5100661F51 /* Coordinator.swift in Sources */ = {isa = PBXBuildFile; fileRef = 6BADDC4521431A5100661F51 /* Coordinator.swift */; };
		6BADDC4821431A5700661F51 /* AppCoordinator.swift in Sources */ = {isa = PBXBuildFile; fileRef = 6BADDC4721431A5700661F51 /* AppCoordinator.swift */; };
		6BADDC4B21431BBC00661F51 /* LocalStorage.swift in Sources */ = {isa = PBXBuildFile; fileRef = 6BADDC4A21431BBC00661F51 /* LocalStorage.swift */; };
		6BADDC4D21431BCF00661F51 /* UserDefaultsStorage.swift in Sources */ = {isa = PBXBuildFile; fileRef = 6BADDC4C21431BCF00661F51 /* UserDefaultsStorage.swift */; };
		6BADDC5E21431D1D00661F51 /* UIView+Constraints.swift in Sources */ = {isa = PBXBuildFile; fileRef = 6BADDC5D21431D1D00661F51 /* UIView+Constraints.swift */; };
		6BADDC6221431DDF00661F51 /* OnboardingBaseView.swift in Sources */ = {isa = PBXBuildFile; fileRef = 6BADDC5F21431DDF00661F51 /* OnboardingBaseView.swift */; };
		6BADDC6321431DDF00661F51 /* OnboardingView.swift in Sources */ = {isa = PBXBuildFile; fileRef = 6BADDC6021431DDF00661F51 /* OnboardingView.swift */; };
		6BADDC6421431DDF00661F51 /* OnboardingViewModel.swift in Sources */ = {isa = PBXBuildFile; fileRef = 6BADDC6121431DDF00661F51 /* OnboardingViewModel.swift */; };
		6BADDC6821431DEB00661F51 /* MainBaseView.swift in Sources */ = {isa = PBXBuildFile; fileRef = 6BADDC6521431DEB00661F51 /* MainBaseView.swift */; };
		6BADDC6921431DEB00661F51 /* MainView.swift in Sources */ = {isa = PBXBuildFile; fileRef = 6BADDC6621431DEB00661F51 /* MainView.swift */; };
		6BADDC6A21431DEB00661F51 /* MainViewModel.swift in Sources */ = {isa = PBXBuildFile; fileRef = 6BADDC6721431DEB00661F51 /* MainViewModel.swift */; };
		6BADDC6D214321B200661F51 /* CloudTagView.swift in Sources */ = {isa = PBXBuildFile; fileRef = 6BADDC6C214321B200661F51 /* CloudTagView.swift */; };
		6BADDC6F214321F800661F51 /* ToastView.swift in Sources */ = {isa = PBXBuildFile; fileRef = 6BADDC6E214321F800661F51 /* ToastView.swift */; };
		6BADDC732143224300661F51 /* Constants.swift in Sources */ = {isa = PBXBuildFile; fileRef = 6BADDC722143224300661F51 /* Constants.swift */; };
		6BADDC752143229000661F51 /* Networking+Utils.swift in Sources */ = {isa = PBXBuildFile; fileRef = 6BADDC742143229000661F51 /* Networking+Utils.swift */; };
		6BADDC77214322A400661F51 /* Colors.swift in Sources */ = {isa = PBXBuildFile; fileRef = 6BADDC76214322A400661F51 /* Colors.swift */; };
		6BADDC79214322CA00661F51 /* UITextField+Utils.swift in Sources */ = {isa = PBXBuildFile; fileRef = 6BADDC78214322CA00661F51 /* UITextField+Utils.swift */; };
		6BADDC7B2143232100661F51 /* NSObject+Rx.swift in Sources */ = {isa = PBXBuildFile; fileRef = 6BADDC7A2143232100661F51 /* NSObject+Rx.swift */; };
		6BADDC7D2143234000661F51 /* Rx+Optionals.swift in Sources */ = {isa = PBXBuildFile; fileRef = 6BADDC7C2143234000661F51 /* Rx+Optionals.swift */; };
		6BADDC7F2143236000661F51 /* CloudTagView+Rx.swift in Sources */ = {isa = PBXBuildFile; fileRef = 6BADDC7E2143236000661F51 /* CloudTagView+Rx.swift */; };
		6BADDC812143237500661F51 /* UILabel+Rx.swift in Sources */ = {isa = PBXBuildFile; fileRef = 6BADDC802143237500661F51 /* UILabel+Rx.swift */; };
		6BADDC832143239A00661F51 /* Observable+Retry.swift in Sources */ = {isa = PBXBuildFile; fileRef = 6BADDC822143239A00661F51 /* Observable+Retry.swift */; };
		6BADDC86214323FC00661F51 /* BaseUITests+Utils.swift in Sources */ = {isa = PBXBuildFile; fileRef = 6BADDC85214323FC00661F51 /* BaseUITests+Utils.swift */; };
		6BADDC882143242700661F51 /* KIF+Utils.swift in Sources */ = {isa = PBXBuildFile; fileRef = 6BADDC872143242700661F51 /* KIF+Utils.swift */; };
		6BADDC8B2143244B00661F51 /* RetrySpec.swift in Sources */ = {isa = PBXBuildFile; fileRef = 6BADDC8A2143244B00661F51 /* RetrySpec.swift */; };
		6BADDC8E214324B900661F51 /* BaseUITests.swift in Sources */ = {isa = PBXBuildFile; fileRef = 6BADDC8D214324B900661F51 /* BaseUITests.swift */; };
		6BADDC91214324E300661F51 /* CloudTagViewTests.swift in Sources */ = {isa = PBXBuildFile; fileRef = 6BADDC90214324E300661F51 /* CloudTagViewTests.swift */; };
		6BED69CB2143181A00C39777 /* DefaultContainer.swift in Sources */ = {isa = PBXBuildFile; fileRef = 6BED69CA2143181A00C39777 /* DefaultContainer.swift */; };
/* End PBXBuildFile section */

/* Begin PBXContainerItemProxy section */
		6B1B1BC32142EC4700EFEA7F /* PBXContainerItemProxy */ = {
			isa = PBXContainerItemProxy;
			containerPortal = 6B1B1BA62142EC4400EFEA7F /* Project object */;
			proxyType = 1;
			remoteGlobalIDString = 6B1B1BAD2142EC4400EFEA7F;
			remoteInfo = "mood-reading-machines";
		};
/* End PBXContainerItemProxy section */

/* Begin PBXFileReference section */
		279847CA1475F659304A041E /* Pods-mood-reading-machinesTests.release.xcconfig */ = {isa = PBXFileReference; includeInIndex = 1; lastKnownFileType = text.xcconfig; name = "Pods-mood-reading-machinesTests.release.xcconfig"; path = "Pods/Target Support Files/Pods-mood-reading-machinesTests/Pods-mood-reading-machinesTests.release.xcconfig"; sourceTree = "<group>"; };
		316CCC07615428068A9BADCD /* Pods-mood-reading-machines.release.xcconfig */ = {isa = PBXFileReference; includeInIndex = 1; lastKnownFileType = text.xcconfig; name = "Pods-mood-reading-machines.release.xcconfig"; path = "Pods/Target Support Files/Pods-mood-reading-machines/Pods-mood-reading-machines.release.xcconfig"; sourceTree = "<group>"; };
		3DA96106F0A08BF6E3323C3C /* Pods-mood-reading-machinesTests.debug.xcconfig */ = {isa = PBXFileReference; includeInIndex = 1; lastKnownFileType = text.xcconfig; name = "Pods-mood-reading-machinesTests.debug.xcconfig"; path = "Pods/Target Support Files/Pods-mood-reading-machinesTests/Pods-mood-reading-machinesTests.debug.xcconfig"; sourceTree = "<group>"; };
		6B1B1BAE2142EC4400EFEA7F /* mood-reading-machines.app */ = {isa = PBXFileReference; explicitFileType = wrapper.application; includeInIndex = 0; path = "mood-reading-machines.app"; sourceTree = BUILT_PRODUCTS_DIR; };
		6B1B1BB12142EC4400EFEA7F /* AppDelegate.swift */ = {isa = PBXFileReference; lastKnownFileType = sourcecode.swift; path = AppDelegate.swift; sourceTree = "<group>"; };
		6B1B1BB82142EC4700EFEA7F /* Assets.xcassets */ = {isa = PBXFileReference; lastKnownFileType = folder.assetcatalog; path = Assets.xcassets; sourceTree = "<group>"; };
		6B1B1BBB2142EC4700EFEA7F /* Base */ = {isa = PBXFileReference; lastKnownFileType = file.storyboard; name = Base; path = Base.lproj/LaunchScreen.storyboard; sourceTree = "<group>"; };
		6B1B1BBD2142EC4700EFEA7F /* Info.plist */ = {isa = PBXFileReference; lastKnownFileType = text.plist.xml; path = Info.plist; sourceTree = "<group>"; };
		6B1B1BC22142EC4700EFEA7F /* mood-reading-machinesTests.xctest */ = {isa = PBXFileReference; explicitFileType = wrapper.cfbundle; includeInIndex = 0; path = "mood-reading-machinesTests.xctest"; sourceTree = BUILT_PRODUCTS_DIR; };
		6B1B1BC62142EC4700EFEA7F /* mood_reading_machinesTests.swift */ = {isa = PBXFileReference; lastKnownFileType = sourcecode.swift; path = mood_reading_machinesTests.swift; sourceTree = "<group>"; };
		6B1B1BC82142EC4700EFEA7F /* Info.plist */ = {isa = PBXFileReference; lastKnownFileType = text.plist.xml; path = Info.plist; sourceTree = "<group>"; };
		6B75B0652142EEF700FB87A3 /* .swiftlint.yml */ = {isa = PBXFileReference; fileEncoding = 4; lastKnownFileType = text; path = .swiftlint.yml; sourceTree = "<group>"; };
		6BADDC4321431A1A00661F51 /* R.generated.swift */ = {isa = PBXFileReference; fileEncoding = 4; lastKnownFileType = sourcecode.swift; path = R.generated.swift; sourceTree = "<group>"; };
		6BADDC4521431A5100661F51 /* Coordinator.swift */ = {isa = PBXFileReference; lastKnownFileType = sourcecode.swift; path = Coordinator.swift; sourceTree = "<group>"; };
		6BADDC4721431A5700661F51 /* AppCoordinator.swift */ = {isa = PBXFileReference; lastKnownFileType = sourcecode.swift; path = AppCoordinator.swift; sourceTree = "<group>"; };
		6BADDC4A21431BBC00661F51 /* LocalStorage.swift */ = {isa = PBXFileReference; lastKnownFileType = sourcecode.swift; path = LocalStorage.swift; sourceTree = "<group>"; };
		6BADDC4C21431BCF00661F51 /* UserDefaultsStorage.swift */ = {isa = PBXFileReference; lastKnownFileType = sourcecode.swift; path = UserDefaultsStorage.swift; sourceTree = "<group>"; };
		6BADDC5D21431D1D00661F51 /* UIView+Constraints.swift */ = {isa = PBXFileReference; lastKnownFileType = sourcecode.swift; path = "UIView+Constraints.swift"; sourceTree = "<group>"; };
		6BADDC5F21431DDF00661F51 /* OnboardingBaseView.swift */ = {isa = PBXFileReference; lastKnownFileType = sourcecode.swift; path = OnboardingBaseView.swift; sourceTree = "<group>"; };
		6BADDC6021431DDF00661F51 /* OnboardingView.swift */ = {isa = PBXFileReference; lastKnownFileType = sourcecode.swift; path = OnboardingView.swift; sourceTree = "<group>"; };
		6BADDC6121431DDF00661F51 /* OnboardingViewModel.swift */ = {isa = PBXFileReference; lastKnownFileType = sourcecode.swift; path = OnboardingViewModel.swift; sourceTree = "<group>"; };
		6BADDC6521431DEB00661F51 /* MainBaseView.swift */ = {isa = PBXFileReference; lastKnownFileType = sourcecode.swift; path = MainBaseView.swift; sourceTree = "<group>"; };
		6BADDC6621431DEB00661F51 /* MainView.swift */ = {isa = PBXFileReference; lastKnownFileType = sourcecode.swift; path = MainView.swift; sourceTree = "<group>"; };
		6BADDC6721431DEB00661F51 /* MainViewModel.swift */ = {isa = PBXFileReference; lastKnownFileType = sourcecode.swift; path = MainViewModel.swift; sourceTree = "<group>"; };
		6BADDC6C214321B200661F51 /* CloudTagView.swift */ = {isa = PBXFileReference; lastKnownFileType = sourcecode.swift; path = CloudTagView.swift; sourceTree = "<group>"; };
		6BADDC6E214321F800661F51 /* ToastView.swift */ = {isa = PBXFileReference; lastKnownFileType = sourcecode.swift; path = ToastView.swift; sourceTree = "<group>"; };
		6BADDC722143224300661F51 /* Constants.swift */ = {isa = PBXFileReference; lastKnownFileType = sourcecode.swift; path = Constants.swift; sourceTree = "<group>"; };
		6BADDC742143229000661F51 /* Networking+Utils.swift */ = {isa = PBXFileReference; lastKnownFileType = sourcecode.swift; path = "Networking+Utils.swift"; sourceTree = "<group>"; };
		6BADDC76214322A400661F51 /* Colors.swift */ = {isa = PBXFileReference; lastKnownFileType = sourcecode.swift; path = Colors.swift; sourceTree = "<group>"; };
		6BADDC78214322CA00661F51 /* UITextField+Utils.swift */ = {isa = PBXFileReference; lastKnownFileType = sourcecode.swift; path = "UITextField+Utils.swift"; sourceTree = "<group>"; };
		6BADDC7A2143232100661F51 /* NSObject+Rx.swift */ = {isa = PBXFileReference; lastKnownFileType = sourcecode.swift; path = "NSObject+Rx.swift"; sourceTree = "<group>"; };
		6BADDC7C2143234000661F51 /* Rx+Optionals.swift */ = {isa = PBXFileReference; lastKnownFileType = sourcecode.swift; path = "Rx+Optionals.swift"; sourceTree = "<group>"; };
		6BADDC7E2143236000661F51 /* CloudTagView+Rx.swift */ = {isa = PBXFileReference; lastKnownFileType = sourcecode.swift; path = "CloudTagView+Rx.swift"; sourceTree = "<group>"; };
		6BADDC802143237500661F51 /* UILabel+Rx.swift */ = {isa = PBXFileReference; lastKnownFileType = sourcecode.swift; path = "UILabel+Rx.swift"; sourceTree = "<group>"; };
		6BADDC822143239A00661F51 /* Observable+Retry.swift */ = {isa = PBXFileReference; lastKnownFileType = sourcecode.swift; path = "Observable+Retry.swift"; sourceTree = "<group>"; };
		6BADDC85214323FC00661F51 /* BaseUITests+Utils.swift */ = {isa = PBXFileReference; lastKnownFileType = sourcecode.swift; path = "BaseUITests+Utils.swift"; sourceTree = "<group>"; };
		6BADDC872143242700661F51 /* KIF+Utils.swift */ = {isa = PBXFileReference; lastKnownFileType = sourcecode.swift; path = "KIF+Utils.swift"; sourceTree = "<group>"; };
		6BADDC8A2143244B00661F51 /* RetrySpec.swift */ = {isa = PBXFileReference; lastKnownFileType = sourcecode.swift; path = RetrySpec.swift; sourceTree = "<group>"; };
		6BADDC8D214324B900661F51 /* BaseUITests.swift */ = {isa = PBXFileReference; lastKnownFileType = sourcecode.swift; path = BaseUITests.swift; sourceTree = "<group>"; };
		6BADDC90214324E300661F51 /* CloudTagViewTests.swift */ = {isa = PBXFileReference; lastKnownFileType = sourcecode.swift; path = CloudTagViewTests.swift; sourceTree = "<group>"; };
		6BADDC92214334D800661F51 /* mood-reading-machines.entitlements */ = {isa = PBXFileReference; lastKnownFileType = text.plist.entitlements; path = "mood-reading-machines.entitlements"; sourceTree = "<group>"; };
		6BED69CA2143181A00C39777 /* DefaultContainer.swift */ = {isa = PBXFileReference; lastKnownFileType = sourcecode.swift; path = DefaultContainer.swift; sourceTree = "<group>"; };
		7BF1CFBA249A108EDBDD3B03 /* Pods_mood_reading_machinesTests.framework */ = {isa = PBXFileReference; explicitFileType = wrapper.framework; includeInIndex = 0; path = Pods_mood_reading_machinesTests.framework; sourceTree = BUILT_PRODUCTS_DIR; };
		C46296ACCD42CB9A5E4BCA16 /* Pods-mood-reading-machines.debug.xcconfig */ = {isa = PBXFileReference; includeInIndex = 1; lastKnownFileType = text.xcconfig; name = "Pods-mood-reading-machines.debug.xcconfig"; path = "Pods/Target Support Files/Pods-mood-reading-machines/Pods-mood-reading-machines.debug.xcconfig"; sourceTree = "<group>"; };
		FB7807A53637F90BB81558A1 /* Pods_mood_reading_machines.framework */ = {isa = PBXFileReference; explicitFileType = wrapper.framework; includeInIndex = 0; path = Pods_mood_reading_machines.framework; sourceTree = BUILT_PRODUCTS_DIR; };
/* End PBXFileReference section */

/* Begin PBXFrameworksBuildPhase section */
		6B1B1BAB2142EC4400EFEA7F /* Frameworks */ = {
			isa = PBXFrameworksBuildPhase;
			buildActionMask = 2147483647;
			files = (
				43DF43711331E4D3386BF40E /* Pods_mood_reading_machines.framework in Frameworks */,
			);
			runOnlyForDeploymentPostprocessing = 0;
		};
		6B1B1BBF2142EC4700EFEA7F /* Frameworks */ = {
			isa = PBXFrameworksBuildPhase;
			buildActionMask = 2147483647;
			files = (
				459CA2EF36C820F8BBF40CFB /* Pods_mood_reading_machinesTests.framework in Frameworks */,
			);
			runOnlyForDeploymentPostprocessing = 0;
		};
/* End PBXFrameworksBuildPhase section */

/* Begin PBXGroup section */
		01335D18ED4F3BA69C43BF05 /* Pods */ = {
			isa = PBXGroup;
			children = (
				C46296ACCD42CB9A5E4BCA16 /* Pods-mood-reading-machines.debug.xcconfig */,
				316CCC07615428068A9BADCD /* Pods-mood-reading-machines.release.xcconfig */,
				3DA96106F0A08BF6E3323C3C /* Pods-mood-reading-machinesTests.debug.xcconfig */,
				279847CA1475F659304A041E /* Pods-mood-reading-machinesTests.release.xcconfig */,
			);
			name = Pods;
			sourceTree = "<group>";
		};
		6B1B1BA52142EC4400EFEA7F = {
			isa = PBXGroup;
			children = (
				6B75B0652142EEF700FB87A3 /* .swiftlint.yml */,
				6B1B1BB02142EC4400EFEA7F /* mood-reading-machines */,
				6B1B1BC52142EC4700EFEA7F /* mood-reading-machinesTests */,
				6B1B1BAF2142EC4400EFEA7F /* Products */,
				01335D18ED4F3BA69C43BF05 /* Pods */,
				96FF76E013AD4454D1DE62D3 /* Frameworks */,
			);
			sourceTree = "<group>";
		};
		6B1B1BAF2142EC4400EFEA7F /* Products */ = {
			isa = PBXGroup;
			children = (
				6B1B1BAE2142EC4400EFEA7F /* mood-reading-machines.app */,
				6B1B1BC22142EC4700EFEA7F /* mood-reading-machinesTests.xctest */,
			);
			name = Products;
			sourceTree = "<group>";
		};
		6B1B1BB02142EC4400EFEA7F /* mood-reading-machines */ = {
			isa = PBXGroup;
			children = (
				6BADDC92214334D800661F51 /* mood-reading-machines.entitlements */,
				6BED69C82143164D00C39777 /* Commons */,
				6BED69C5214315E800C39777 /* Data */,
				6BED69C2214315D400C39777 /* Presentation */,
				6B1B1BD32142EDE700EFEA7F /* Resources */,
				6B1B1BBD2142EC4700EFEA7F /* Info.plist */,
				6B1B1BB12142EC4400EFEA7F /* AppDelegate.swift */,
			);
			path = "mood-reading-machines";
			sourceTree = "<group>";
		};
		6B1B1BC52142EC4700EFEA7F /* mood-reading-machinesTests */ = {
			isa = PBXGroup;
			children = (
				6BADDC8C214324AE00661F51 /* UITests */,
				6BADDC892143243B00661F51 /* Other */,
				6BADDC84214323D400661F51 /* Utils */,
				6B1B1BC62142EC4700EFEA7F /* mood_reading_machinesTests.swift */,
				6B1B1BC82142EC4700EFEA7F /* Info.plist */,
			);
			path = "mood-reading-machinesTests";
			sourceTree = "<group>";
		};
		6B1B1BD32142EDE700EFEA7F /* Resources */ = {
			isa = PBXGroup;
			children = (
				6BADDC4321431A1A00661F51 /* R.generated.swift */,
				6B1B1BBA2142EC4700EFEA7F /* LaunchScreen.storyboard */,
				6B1B1BB82142EC4700EFEA7F /* Assets.xcassets */,
			);
			path = Resources;
			sourceTree = "<group>";
		};
		6BADDC4921431BA200661F51 /* Storage */ = {
			isa = PBXGroup;
			children = (
				6BADDC4A21431BBC00661F51 /* LocalStorage.swift */,
				6BADDC4C21431BCF00661F51 /* UserDefaultsStorage.swift */,
			);
			path = Storage;
			sourceTree = "<group>";
		};
		6BADDC4E21431C1D00661F51 /* Main */ = {
			isa = PBXGroup;
			children = (
				6BADDC6521431DEB00661F51 /* MainBaseView.swift */,
				6BADDC6621431DEB00661F51 /* MainView.swift */,
				6BADDC6721431DEB00661F51 /* MainViewModel.swift */,
			);
			path = Main;
			sourceTree = "<group>";
		};
		6BADDC5521431C3100661F51 /* Onboarding */ = {
			isa = PBXGroup;
			children = (
				6BADDC5F21431DDF00661F51 /* OnboardingBaseView.swift */,
				6BADDC6021431DDF00661F51 /* OnboardingView.swift */,
				6BADDC6121431DDF00661F51 /* OnboardingViewModel.swift */,
			);
			path = Onboarding;
			sourceTree = "<group>";
		};
		6BADDC5C21431CE900661F51 /* Utils */ = {
			isa = PBXGroup;
			children = (
				6BADDC5D21431D1D00661F51 /* UIView+Constraints.swift */,
				6BADDC742143229000661F51 /* Networking+Utils.swift */,
				6BADDC78214322CA00661F51 /* UITextField+Utils.swift */,
			);
			path = Utils;
			sourceTree = "<group>";
		};
		6BADDC6B2143217100661F51 /* Components */ = {
			isa = PBXGroup;
			children = (
				6BADDC6C214321B200661F51 /* CloudTagView.swift */,
				6BADDC6E214321F800661F51 /* ToastView.swift */,
			);
			path = Components;
			sourceTree = "<group>";
		};
		6BADDC702143222400661F51 /* RxExtensions */ = {
			isa = PBXGroup;
			children = (
				6BADDC7A2143232100661F51 /* NSObject+Rx.swift */,
				6BADDC7C2143234000661F51 /* Rx+Optionals.swift */,
				6BADDC7E2143236000661F51 /* CloudTagView+Rx.swift */,
				6BADDC802143237500661F51 /* UILabel+Rx.swift */,
				6BADDC822143239A00661F51 /* Observable+Retry.swift */,
			);
			path = RxExtensions;
			sourceTree = "<group>";
		};
		6BADDC712143222C00661F51 /* Constants */ = {
			isa = PBXGroup;
			children = (
				6BADDC722143224300661F51 /* Constants.swift */,
				6BADDC76214322A400661F51 /* Colors.swift */,
			);
			path = Constants;
			sourceTree = "<group>";
		};
		6BADDC84214323D400661F51 /* Utils */ = {
			isa = PBXGroup;
			children = (
				6BADDC85214323FC00661F51 /* BaseUITests+Utils.swift */,
				6BADDC872143242700661F51 /* KIF+Utils.swift */,
			);
			path = Utils;
			sourceTree = "<group>";
		};
		6BADDC892143243B00661F51 /* Other */ = {
			isa = PBXGroup;
			children = (
				6BADDC8A2143244B00661F51 /* RetrySpec.swift */,
			);
			path = Other;
			sourceTree = "<group>";
		};
		6BADDC8C214324AE00661F51 /* UITests */ = {
			isa = PBXGroup;
			children = (
				6BADDC8F214324D700661F51 /* Components */,
				6BADDC8D214324B900661F51 /* BaseUITests.swift */,
			);
			path = UITests;
			sourceTree = "<group>";
		};
		6BADDC8F214324D700661F51 /* Components */ = {
			isa = PBXGroup;
			children = (
				6BADDC90214324E300661F51 /* CloudTagViewTests.swift */,
			);
			path = Components;
			sourceTree = "<group>";
		};
		6BED69C2214315D400C39777 /* Presentation */ = {
			isa = PBXGroup;
			children = (
				6BADDC6B2143217100661F51 /* Components */,
				6BED69C4214315E400C39777 /* Modules */,
				6BED69C3214315DE00C39777 /* Coordinators */,
			);
			path = Presentation;
			sourceTree = "<group>";
		};
		6BED69C3214315DE00C39777 /* Coordinators */ = {
			isa = PBXGroup;
			children = (
				6BADDC4521431A5100661F51 /* Coordinator.swift */,
				6BADDC4721431A5700661F51 /* AppCoordinator.swift */,
			);
			path = Coordinators;
			sourceTree = "<group>";
		};
		6BED69C4214315E400C39777 /* Modules */ = {
			isa = PBXGroup;
			children = (
				6BADDC5521431C3100661F51 /* Onboarding */,
				6BADDC4E21431C1D00661F51 /* Main */,
			);
			path = Modules;
			sourceTree = "<group>";
		};
		6BED69C5214315E800C39777 /* Data */ = {
			isa = PBXGroup;
			children = (
				6BADDC4921431BA200661F51 /* Storage */,
				6BED69C7214315F500C39777 /* Repositories */,
				6BED69C6214315F000C39777 /* Services */,
			);
			path = Data;
			sourceTree = "<group>";
		};
		6BED69C6214315F000C39777 /* Services */ = {
			isa = PBXGroup;
			children = (
			);
			path = Services;
			sourceTree = "<group>";
		};
		6BED69C7214315F500C39777 /* Repositories */ = {
			isa = PBXGroup;
			children = (
			);
			path = Repositories;
			sourceTree = "<group>";
		};
		6BED69C82143164D00C39777 /* Commons */ = {
			isa = PBXGroup;
			children = (
				6BADDC712143222C00661F51 /* Constants */,
				6BADDC702143222400661F51 /* RxExtensions */,
				6BADDC5C21431CE900661F51 /* Utils */,
				6BED69C92143165400C39777 /* Containers */,
			);
			path = Commons;
			sourceTree = "<group>";
		};
		6BED69C92143165400C39777 /* Containers */ = {
			isa = PBXGroup;
			children = (
				6BED69CA2143181A00C39777 /* DefaultContainer.swift */,
			);
			path = Containers;
			sourceTree = "<group>";
		};
		96FF76E013AD4454D1DE62D3 /* Frameworks */ = {
			isa = PBXGroup;
			children = (
				FB7807A53637F90BB81558A1 /* Pods_mood_reading_machines.framework */,
				7BF1CFBA249A108EDBDD3B03 /* Pods_mood_reading_machinesTests.framework */,
			);
			name = Frameworks;
			sourceTree = "<group>";
		};
/* End PBXGroup section */

/* Begin PBXNativeTarget section */
		6B1B1BAD2142EC4400EFEA7F /* mood-reading-machines */ = {
			isa = PBXNativeTarget;
			buildConfigurationList = 6B1B1BCB2142EC4700EFEA7F /* Build configuration list for PBXNativeTarget "mood-reading-machines" */;
			buildPhases = (
				70EE2D613C6E7A7D3B233491 /* [CP] Check Pods Manifest.lock */,
				6B1B1BAA2142EC4400EFEA7F /* Sources */,
				6B1B1BAB2142EC4400EFEA7F /* Frameworks */,
				6B1B1BAC2142EC4400EFEA7F /* Resources */,
				47F8E566BA23F6FFCA1C1E75 /* [CP] Embed Pods Frameworks */,
				6B1B1BD12142ED8D00EFEA7F /* SwiftLint */,
				6B1B1BD22142ED9A00EFEA7F /* R.Swift */,
			);
			buildRules = (
			);
			dependencies = (
			);
			name = "mood-reading-machines";
			productName = "mood-reading-machines";
			productReference = 6B1B1BAE2142EC4400EFEA7F /* mood-reading-machines.app */;
			productType = "com.apple.product-type.application";
		};
		6B1B1BC12142EC4700EFEA7F /* mood-reading-machinesTests */ = {
			isa = PBXNativeTarget;
			buildConfigurationList = 6B1B1BCE2142EC4700EFEA7F /* Build configuration list for PBXNativeTarget "mood-reading-machinesTests" */;
			buildPhases = (
				F0D17BBB0F6214A64F2B510D /* [CP] Check Pods Manifest.lock */,
				6B1B1BBE2142EC4700EFEA7F /* Sources */,
				6B1B1BBF2142EC4700EFEA7F /* Frameworks */,
				6B1B1BC02142EC4700EFEA7F /* Resources */,
				EE3AF5DB4A831C90D35D89E1 /* [CP] Embed Pods Frameworks */,
			);
			buildRules = (
			);
			dependencies = (
				6B1B1BC42142EC4700EFEA7F /* PBXTargetDependency */,
			);
			name = "mood-reading-machinesTests";
			productName = "mood-reading-machinesTests";
			productReference = 6B1B1BC22142EC4700EFEA7F /* mood-reading-machinesTests.xctest */;
			productType = "com.apple.product-type.bundle.unit-test";
		};
/* End PBXNativeTarget section */

/* Begin PBXProject section */
		6B1B1BA62142EC4400EFEA7F /* Project object */ = {
			isa = PBXProject;
			attributes = {
				LastSwiftUpdateCheck = 0940;
				LastUpgradeCheck = 0940;
				ORGANIZATIONNAME = "Aline Borges";
				TargetAttributes = {
					6B1B1BAD2142EC4400EFEA7F = {
						CreatedOnToolsVersion = 9.4.1;
						SystemCapabilities = {
							com.apple.InAppPurchase = {
								enabled = 0;
							};
							com.apple.Push = {
								enabled = 0;
							};
						};
					};
					6B1B1BC12142EC4700EFEA7F = {
						CreatedOnToolsVersion = 9.4.1;
						TestTargetID = 6B1B1BAD2142EC4400EFEA7F;
					};
				};
			};
			buildConfigurationList = 6B1B1BA92142EC4400EFEA7F /* Build configuration list for PBXProject "mood-reading-machines" */;
			compatibilityVersion = "Xcode 9.3";
			developmentRegion = en;
			hasScannedForEncodings = 0;
			knownRegions = (
				en,
				Base,
			);
			mainGroup = 6B1B1BA52142EC4400EFEA7F;
			productRefGroup = 6B1B1BAF2142EC4400EFEA7F /* Products */;
			projectDirPath = "";
			projectRoot = "";
			targets = (
				6B1B1BAD2142EC4400EFEA7F /* mood-reading-machines */,
				6B1B1BC12142EC4700EFEA7F /* mood-reading-machinesTests */,
			);
		};
/* End PBXProject section */

/* Begin PBXResourcesBuildPhase section */
		6B1B1BAC2142EC4400EFEA7F /* Resources */ = {
			isa = PBXResourcesBuildPhase;
			buildActionMask = 2147483647;
			files = (
				6B75B0662142EEF700FB87A3 /* .swiftlint.yml in Resources */,
				6B1B1BBC2142EC4700EFEA7F /* LaunchScreen.storyboard in Resources */,
				6B1B1BB92142EC4700EFEA7F /* Assets.xcassets in Resources */,
			);
			runOnlyForDeploymentPostprocessing = 0;
		};
		6B1B1BC02142EC4700EFEA7F /* Resources */ = {
			isa = PBXResourcesBuildPhase;
			buildActionMask = 2147483647;
			files = (
			);
			runOnlyForDeploymentPostprocessing = 0;
		};
/* End PBXResourcesBuildPhase section */

/* Begin PBXShellScriptBuildPhase section */
		47F8E566BA23F6FFCA1C1E75 /* [CP] Embed Pods Frameworks */ = {
			isa = PBXShellScriptBuildPhase;
			buildActionMask = 2147483647;
			files = (
			);
			inputPaths = (
				"${SRCROOT}/Pods/Target Support Files/Pods-mood-reading-machines/Pods-mood-reading-machines-frameworks.sh",
				"${BUILT_PRODUCTS_DIR}/Alamofire/Alamofire.framework",
				"${BUILT_PRODUCTS_DIR}/Moya/Moya.framework",
				"${BUILT_PRODUCTS_DIR}/R.swift.Library/Rswift.framework",
				"${BUILT_PRODUCTS_DIR}/Result/Result.framework",
				"${BUILT_PRODUCTS_DIR}/Reusable/Reusable.framework",
				"${BUILT_PRODUCTS_DIR}/RxCocoa/RxCocoa.framework",
				"${BUILT_PRODUCTS_DIR}/RxSwift/RxSwift.framework",
				"${BUILT_PRODUCTS_DIR}/RxSwiftExt/RxSwiftExt.framework",
				"${BUILT_PRODUCTS_DIR}/RxSwiftUtilities/RxSwiftUtilities.framework",
				"${BUILT_PRODUCTS_DIR}/Swinject/Swinject.framework",
			);
			name = "[CP] Embed Pods Frameworks";
			outputPaths = (
				"${TARGET_BUILD_DIR}/${FRAMEWORKS_FOLDER_PATH}/Alamofire.framework",
				"${TARGET_BUILD_DIR}/${FRAMEWORKS_FOLDER_PATH}/Moya.framework",
				"${TARGET_BUILD_DIR}/${FRAMEWORKS_FOLDER_PATH}/Rswift.framework",
				"${TARGET_BUILD_DIR}/${FRAMEWORKS_FOLDER_PATH}/Result.framework",
				"${TARGET_BUILD_DIR}/${FRAMEWORKS_FOLDER_PATH}/Reusable.framework",
				"${TARGET_BUILD_DIR}/${FRAMEWORKS_FOLDER_PATH}/RxCocoa.framework",
				"${TARGET_BUILD_DIR}/${FRAMEWORKS_FOLDER_PATH}/RxSwift.framework",
				"${TARGET_BUILD_DIR}/${FRAMEWORKS_FOLDER_PATH}/RxSwiftExt.framework",
				"${TARGET_BUILD_DIR}/${FRAMEWORKS_FOLDER_PATH}/RxSwiftUtilities.framework",
				"${TARGET_BUILD_DIR}/${FRAMEWORKS_FOLDER_PATH}/Swinject.framework",
			);
			runOnlyForDeploymentPostprocessing = 0;
			shellPath = /bin/sh;
			shellScript = "\"${SRCROOT}/Pods/Target Support Files/Pods-mood-reading-machines/Pods-mood-reading-machines-frameworks.sh\"\n";
			showEnvVarsInLog = 0;
		};
		6B1B1BD12142ED8D00EFEA7F /* SwiftLint */ = {
			isa = PBXShellScriptBuildPhase;
			buildActionMask = 2147483647;
			files = (
			);
			inputPaths = (
			);
			name = SwiftLint;
			outputPaths = (
			);
			runOnlyForDeploymentPostprocessing = 0;
			shellPath = /bin/sh;
			shellScript = "\"${PODS_ROOT}/SwiftLint/swiftlint\"";
		};
		6B1B1BD22142ED9A00EFEA7F /* R.Swift */ = {
			isa = PBXShellScriptBuildPhase;
			buildActionMask = 2147483647;
			files = (
			);
			inputPaths = (
			);
			name = R.Swift;
			outputPaths = (
			);
			runOnlyForDeploymentPostprocessing = 0;
			shellPath = /bin/sh;
			shellScript = "\"$PODS_ROOT/R.swift/rswift\" generate \"$SRCROOT/mood-reading-machines/Resources\"";
		};
		70EE2D613C6E7A7D3B233491 /* [CP] Check Pods Manifest.lock */ = {
			isa = PBXShellScriptBuildPhase;
			buildActionMask = 2147483647;
			files = (
			);
			inputPaths = (
				"${PODS_PODFILE_DIR_PATH}/Podfile.lock",
				"${PODS_ROOT}/Manifest.lock",
			);
			name = "[CP] Check Pods Manifest.lock";
			outputPaths = (
				"$(DERIVED_FILE_DIR)/Pods-mood-reading-machines-checkManifestLockResult.txt",
			);
			runOnlyForDeploymentPostprocessing = 0;
			shellPath = /bin/sh;
			shellScript = "diff \"${PODS_PODFILE_DIR_PATH}/Podfile.lock\" \"${PODS_ROOT}/Manifest.lock\" > /dev/null\nif [ $? != 0 ] ; then\n    # print error to STDERR\n    echo \"error: The sandbox is not in sync with the Podfile.lock. Run 'pod install' or update your CocoaPods installation.\" >&2\n    exit 1\nfi\n# This output is used by Xcode 'outputs' to avoid re-running this script phase.\necho \"SUCCESS\" > \"${SCRIPT_OUTPUT_FILE_0}\"\n";
			showEnvVarsInLog = 0;
		};
		EE3AF5DB4A831C90D35D89E1 /* [CP] Embed Pods Frameworks */ = {
			isa = PBXShellScriptBuildPhase;
			buildActionMask = 2147483647;
			files = (
			);
			inputPaths = (
				"${SRCROOT}/Pods/Target Support Files/Pods-mood-reading-machinesTests/Pods-mood-reading-machinesTests-frameworks.sh",
				"${BUILT_PRODUCTS_DIR}/RxSwift/RxSwift.framework",
				"${BUILT_PRODUCTS_DIR}/KIF/KIF.framework",
				"${BUILT_PRODUCTS_DIR}/Nimble/Nimble.framework",
				"${BUILT_PRODUCTS_DIR}/Quick/Quick.framework",
				"${BUILT_PRODUCTS_DIR}/RxBlocking/RxBlocking.framework",
			);
			name = "[CP] Embed Pods Frameworks";
			outputPaths = (
				"${TARGET_BUILD_DIR}/${FRAMEWORKS_FOLDER_PATH}/RxSwift.framework",
				"${TARGET_BUILD_DIR}/${FRAMEWORKS_FOLDER_PATH}/KIF.framework",
				"${TARGET_BUILD_DIR}/${FRAMEWORKS_FOLDER_PATH}/Nimble.framework",
				"${TARGET_BUILD_DIR}/${FRAMEWORKS_FOLDER_PATH}/Quick.framework",
				"${TARGET_BUILD_DIR}/${FRAMEWORKS_FOLDER_PATH}/RxBlocking.framework",
			);
			runOnlyForDeploymentPostprocessing = 0;
			shellPath = /bin/sh;
			shellScript = "\"${SRCROOT}/Pods/Target Support Files/Pods-mood-reading-machinesTests/Pods-mood-reading-machinesTests-frameworks.sh\"\n";
			showEnvVarsInLog = 0;
		};
		F0D17BBB0F6214A64F2B510D /* [CP] Check Pods Manifest.lock */ = {
			isa = PBXShellScriptBuildPhase;
			buildActionMask = 2147483647;
			files = (
			);
			inputPaths = (
				"${PODS_PODFILE_DIR_PATH}/Podfile.lock",
				"${PODS_ROOT}/Manifest.lock",
			);
			name = "[CP] Check Pods Manifest.lock";
			outputPaths = (
				"$(DERIVED_FILE_DIR)/Pods-mood-reading-machinesTests-checkManifestLockResult.txt",
			);
			runOnlyForDeploymentPostprocessing = 0;
			shellPath = /bin/sh;
			shellScript = "diff \"${PODS_PODFILE_DIR_PATH}/Podfile.lock\" \"${PODS_ROOT}/Manifest.lock\" > /dev/null\nif [ $? != 0 ] ; then\n    # print error to STDERR\n    echo \"error: The sandbox is not in sync with the Podfile.lock. Run 'pod install' or update your CocoaPods installation.\" >&2\n    exit 1\nfi\n# This output is used by Xcode 'outputs' to avoid re-running this script phase.\necho \"SUCCESS\" > \"${SCRIPT_OUTPUT_FILE_0}\"\n";
			showEnvVarsInLog = 0;
		};
/* End PBXShellScriptBuildPhase section */

/* Begin PBXSourcesBuildPhase section */
		6B1B1BAA2142EC4400EFEA7F /* Sources */ = {
			isa = PBXSourcesBuildPhase;
			buildActionMask = 2147483647;
			files = (
				6BADDC6F214321F800661F51 /* ToastView.swift in Sources */,
				6BADDC732143224300661F51 /* Constants.swift in Sources */,
				6BADDC832143239A00661F51 /* Observable+Retry.swift in Sources */,
				6BADDC4621431A5100661F51 /* Coordinator.swift in Sources */,
				6BADDC6921431DEB00661F51 /* MainView.swift in Sources */,
				6BADDC6221431DDF00661F51 /* OnboardingBaseView.swift in Sources */,
				6BADDC79214322CA00661F51 /* UITextField+Utils.swift in Sources */,
				6BADDC812143237500661F51 /* UILabel+Rx.swift in Sources */,
				6BADDC6D214321B200661F51 /* CloudTagView.swift in Sources */,
				6BADDC7D2143234000661F51 /* Rx+Optionals.swift in Sources */,
				6BADDC4D21431BCF00661F51 /* UserDefaultsStorage.swift in Sources */,
				6BADDC6321431DDF00661F51 /* OnboardingView.swift in Sources */,
				6BADDC5E21431D1D00661F51 /* UIView+Constraints.swift in Sources */,
				6B1B1BB22142EC4400EFEA7F /* AppDelegate.swift in Sources */,
				6BADDC6A21431DEB00661F51 /* MainViewModel.swift in Sources */,
				6BADDC7F2143236000661F51 /* CloudTagView+Rx.swift in Sources */,
				6BADDC4821431A5700661F51 /* AppCoordinator.swift in Sources */,
				6BADDC77214322A400661F51 /* Colors.swift in Sources */,
				6BADDC4B21431BBC00661F51 /* LocalStorage.swift in Sources */,
				6BADDC6821431DEB00661F51 /* MainBaseView.swift in Sources */,
				6BADDC6421431DDF00661F51 /* OnboardingViewModel.swift in Sources */,
				6BADDC752143229000661F51 /* Networking+Utils.swift in Sources */,
				6BED69CB2143181A00C39777 /* DefaultContainer.swift in Sources */,
				6BADDC4421431A1A00661F51 /* R.generated.swift in Sources */,
				6BADDC7B2143232100661F51 /* NSObject+Rx.swift in Sources */,
			);
			runOnlyForDeploymentPostprocessing = 0;
		};
		6B1B1BBE2142EC4700EFEA7F /* Sources */ = {
			isa = PBXSourcesBuildPhase;
			buildActionMask = 2147483647;
			files = (
				6BADDC86214323FC00661F51 /* BaseUITests+Utils.swift in Sources */,
				6BADDC882143242700661F51 /* KIF+Utils.swift in Sources */,
				6B1B1BC72142EC4700EFEA7F /* mood_reading_machinesTests.swift in Sources */,
				6BADDC8B2143244B00661F51 /* RetrySpec.swift in Sources */,
				6BADDC91214324E300661F51 /* CloudTagViewTests.swift in Sources */,
				6BADDC8E214324B900661F51 /* BaseUITests.swift in Sources */,
			);
			runOnlyForDeploymentPostprocessing = 0;
		};
/* End PBXSourcesBuildPhase section */

/* Begin PBXTargetDependency section */
		6B1B1BC42142EC4700EFEA7F /* PBXTargetDependency */ = {
			isa = PBXTargetDependency;
			target = 6B1B1BAD2142EC4400EFEA7F /* mood-reading-machines */;
			targetProxy = 6B1B1BC32142EC4700EFEA7F /* PBXContainerItemProxy */;
		};
/* End PBXTargetDependency section */

/* Begin PBXVariantGroup section */
		6B1B1BBA2142EC4700EFEA7F /* LaunchScreen.storyboard */ = {
			isa = PBXVariantGroup;
			children = (
				6B1B1BBB2142EC4700EFEA7F /* Base */,
			);
			name = LaunchScreen.storyboard;
			sourceTree = "<group>";
		};
/* End PBXVariantGroup section */

/* Begin XCBuildConfiguration section */
		6B1B1BC92142EC4700EFEA7F /* Debug */ = {
			isa = XCBuildConfiguration;
			buildSettings = {
				ALWAYS_SEARCH_USER_PATHS = NO;
				CLANG_ANALYZER_NONNULL = YES;
				CLANG_ANALYZER_NUMBER_OBJECT_CONVERSION = YES_AGGRESSIVE;
				CLANG_CXX_LANGUAGE_STANDARD = "gnu++14";
				CLANG_CXX_LIBRARY = "libc++";
				CLANG_ENABLE_MODULES = YES;
				CLANG_ENABLE_OBJC_ARC = YES;
				CLANG_ENABLE_OBJC_WEAK = YES;
				CLANG_WARN_BLOCK_CAPTURE_AUTORELEASING = YES;
				CLANG_WARN_BOOL_CONVERSION = YES;
				CLANG_WARN_COMMA = YES;
				CLANG_WARN_CONSTANT_CONVERSION = YES;
				CLANG_WARN_DEPRECATED_OBJC_IMPLEMENTATIONS = YES;
				CLANG_WARN_DIRECT_OBJC_ISA_USAGE = YES_ERROR;
				CLANG_WARN_DOCUMENTATION_COMMENTS = YES;
				CLANG_WARN_EMPTY_BODY = YES;
				CLANG_WARN_ENUM_CONVERSION = YES;
				CLANG_WARN_INFINITE_RECURSION = YES;
				CLANG_WARN_INT_CONVERSION = YES;
				CLANG_WARN_NON_LITERAL_NULL_CONVERSION = YES;
				CLANG_WARN_OBJC_IMPLICIT_RETAIN_SELF = YES;
				CLANG_WARN_OBJC_LITERAL_CONVERSION = YES;
				CLANG_WARN_OBJC_ROOT_CLASS = YES_ERROR;
				CLANG_WARN_RANGE_LOOP_ANALYSIS = YES;
				CLANG_WARN_STRICT_PROTOTYPES = YES;
				CLANG_WARN_SUSPICIOUS_MOVE = YES;
				CLANG_WARN_UNGUARDED_AVAILABILITY = YES_AGGRESSIVE;
				CLANG_WARN_UNREACHABLE_CODE = YES;
				CLANG_WARN__DUPLICATE_METHOD_MATCH = YES;
				CODE_SIGN_IDENTITY = "iPhone Developer";
				COPY_PHASE_STRIP = NO;
				DEBUG_INFORMATION_FORMAT = dwarf;
				ENABLE_STRICT_OBJC_MSGSEND = YES;
				ENABLE_TESTABILITY = YES;
				GCC_C_LANGUAGE_STANDARD = gnu11;
				GCC_DYNAMIC_NO_PIC = NO;
				GCC_NO_COMMON_BLOCKS = YES;
				GCC_OPTIMIZATION_LEVEL = 0;
				GCC_PREPROCESSOR_DEFINITIONS = (
					"DEBUG=1",
					"$(inherited)",
				);
				GCC_WARN_64_TO_32_BIT_CONVERSION = YES;
				GCC_WARN_ABOUT_RETURN_TYPE = YES_ERROR;
				GCC_WARN_UNDECLARED_SELECTOR = YES;
				GCC_WARN_UNINITIALIZED_AUTOS = YES_AGGRESSIVE;
				GCC_WARN_UNUSED_FUNCTION = YES;
				GCC_WARN_UNUSED_VARIABLE = YES;
				IPHONEOS_DEPLOYMENT_TARGET = 11.4;
				MTL_ENABLE_DEBUG_INFO = YES;
				ONLY_ACTIVE_ARCH = YES;
				SDKROOT = iphoneos;
				SWIFT_ACTIVE_COMPILATION_CONDITIONS = DEBUG;
				SWIFT_OPTIMIZATION_LEVEL = "-Onone";
			};
			name = Debug;
		};
		6B1B1BCA2142EC4700EFEA7F /* Release */ = {
			isa = XCBuildConfiguration;
			buildSettings = {
				ALWAYS_SEARCH_USER_PATHS = NO;
				CLANG_ANALYZER_NONNULL = YES;
				CLANG_ANALYZER_NUMBER_OBJECT_CONVERSION = YES_AGGRESSIVE;
				CLANG_CXX_LANGUAGE_STANDARD = "gnu++14";
				CLANG_CXX_LIBRARY = "libc++";
				CLANG_ENABLE_MODULES = YES;
				CLANG_ENABLE_OBJC_ARC = YES;
				CLANG_ENABLE_OBJC_WEAK = YES;
				CLANG_WARN_BLOCK_CAPTURE_AUTORELEASING = YES;
				CLANG_WARN_BOOL_CONVERSION = YES;
				CLANG_WARN_COMMA = YES;
				CLANG_WARN_CONSTANT_CONVERSION = YES;
				CLANG_WARN_DEPRECATED_OBJC_IMPLEMENTATIONS = YES;
				CLANG_WARN_DIRECT_OBJC_ISA_USAGE = YES_ERROR;
				CLANG_WARN_DOCUMENTATION_COMMENTS = YES;
				CLANG_WARN_EMPTY_BODY = YES;
				CLANG_WARN_ENUM_CONVERSION = YES;
				CLANG_WARN_INFINITE_RECURSION = YES;
				CLANG_WARN_INT_CONVERSION = YES;
				CLANG_WARN_NON_LITERAL_NULL_CONVERSION = YES;
				CLANG_WARN_OBJC_IMPLICIT_RETAIN_SELF = YES;
				CLANG_WARN_OBJC_LITERAL_CONVERSION = YES;
				CLANG_WARN_OBJC_ROOT_CLASS = YES_ERROR;
				CLANG_WARN_RANGE_LOOP_ANALYSIS = YES;
				CLANG_WARN_STRICT_PROTOTYPES = YES;
				CLANG_WARN_SUSPICIOUS_MOVE = YES;
				CLANG_WARN_UNGUARDED_AVAILABILITY = YES_AGGRESSIVE;
				CLANG_WARN_UNREACHABLE_CODE = YES;
				CLANG_WARN__DUPLICATE_METHOD_MATCH = YES;
				CODE_SIGN_IDENTITY = "iPhone Developer";
				COPY_PHASE_STRIP = NO;
				DEBUG_INFORMATION_FORMAT = "dwarf-with-dsym";
				ENABLE_NS_ASSERTIONS = NO;
				ENABLE_STRICT_OBJC_MSGSEND = YES;
				GCC_C_LANGUAGE_STANDARD = gnu11;
				GCC_NO_COMMON_BLOCKS = YES;
				GCC_WARN_64_TO_32_BIT_CONVERSION = YES;
				GCC_WARN_ABOUT_RETURN_TYPE = YES_ERROR;
				GCC_WARN_UNDECLARED_SELECTOR = YES;
				GCC_WARN_UNINITIALIZED_AUTOS = YES_AGGRESSIVE;
				GCC_WARN_UNUSED_FUNCTION = YES;
				GCC_WARN_UNUSED_VARIABLE = YES;
				IPHONEOS_DEPLOYMENT_TARGET = 11.4;
				MTL_ENABLE_DEBUG_INFO = NO;
				SDKROOT = iphoneos;
				SWIFT_COMPILATION_MODE = wholemodule;
				SWIFT_OPTIMIZATION_LEVEL = "-O";
				VALIDATE_PRODUCT = YES;
			};
			name = Release;
		};
		6B1B1BCC2142EC4700EFEA7F /* Debug */ = {
			isa = XCBuildConfiguration;
			baseConfigurationReference = C46296ACCD42CB9A5E4BCA16 /* Pods-mood-reading-machines.debug.xcconfig */;
			buildSettings = {
				ASSETCATALOG_COMPILER_APPICON_NAME = AppIcon;
				CODE_SIGN_STYLE = Automatic;
				CURRENT_PROJECT_VERSION = 1;
				DEVELOPMENT_TEAM = C2WX94X8CG;
				INFOPLIST_FILE = "mood-reading-machines/Info.plist";
				IPHONEOS_DEPLOYMENT_TARGET = 10.3;
				LD_RUNPATH_SEARCH_PATHS = (
					"$(inherited)",
					"@executable_path/Frameworks",
				);
				PRODUCT_BUNDLE_IDENTIFIER = "com.alinekborges.mood-reading-machine";
				PRODUCT_NAME = "$(TARGET_NAME)";
				PROVISIONING_PROFILE_SPECIFIER = "";
				SWIFT_VERSION = 4.0;
				TARGETED_DEVICE_FAMILY = "1,2";
				VERSIONING_SYSTEM = "apple-generic";
			};
			name = Debug;
		};
		6B1B1BCD2142EC4700EFEA7F /* Release */ = {
			isa = XCBuildConfiguration;
			baseConfigurationReference = 316CCC07615428068A9BADCD /* Pods-mood-reading-machines.release.xcconfig */;
			buildSettings = {
				ASSETCATALOG_COMPILER_APPICON_NAME = AppIcon;
				CODE_SIGN_IDENTITY = "iPhone Distribution";
				CODE_SIGN_STYLE = Automatic;
				CURRENT_PROJECT_VERSION = 1;
				DEVELOPMENT_TEAM = C2WX94X8CG;
				INFOPLIST_FILE = "mood-reading-machines/Info.plist";
				IPHONEOS_DEPLOYMENT_TARGET = 10.3;
				LD_RUNPATH_SEARCH_PATHS = (
					"$(inherited)",
					"@executable_path/Frameworks",
				);
				PRODUCT_BUNDLE_IDENTIFIER = "com.alinekborges.mood-reading-machine";
				PRODUCT_NAME = "$(TARGET_NAME)";
				PROVISIONING_PROFILE = "";
				PROVISIONING_PROFILE_SPECIFIER = "";
				SWIFT_VERSION = 4.0;
				TARGETED_DEVICE_FAMILY = "1,2";
				VERSIONING_SYSTEM = "apple-generic";
			};
			name = Release;
		};
		6B1B1BCF2142EC4700EFEA7F /* Debug */ = {
			isa = XCBuildConfiguration;
			baseConfigurationReference = 3DA96106F0A08BF6E3323C3C /* Pods-mood-reading-machinesTests.debug.xcconfig */;
			buildSettings = {
				ALWAYS_EMBED_SWIFT_STANDARD_LIBRARIES = "$(inherited)";
				BUNDLE_LOADER = "$(TEST_HOST)";
				CODE_SIGN_STYLE = Automatic;
				DEVELOPMENT_TEAM = YNXZ52FJT8;
				INFOPLIST_FILE = "mood-reading-machinesTests/Info.plist";
				LD_RUNPATH_SEARCH_PATHS = (
					"$(inherited)",
					"@executable_path/Frameworks",
					"@loader_path/Frameworks",
				);
				PRODUCT_BUNDLE_IDENTIFIER = "com.alinekborges.mood-reading-machinesTests";
				PRODUCT_NAME = "$(TARGET_NAME)";
				SWIFT_VERSION = 4.0;
				TARGETED_DEVICE_FAMILY = "1,2";
				TEST_HOST = "$(BUILT_PRODUCTS_DIR)/mood-reading-machines.app/mood-reading-machines";
			};
			name = Debug;
		};
		6B1B1BD02142EC4700EFEA7F /* Release */ = {
			isa = XCBuildConfiguration;
			baseConfigurationReference = 279847CA1475F659304A041E /* Pods-mood-reading-machinesTests.release.xcconfig */;
			buildSettings = {
				ALWAYS_EMBED_SWIFT_STANDARD_LIBRARIES = "$(inherited)";
				BUNDLE_LOADER = "$(TEST_HOST)";
				CODE_SIGN_STYLE = Automatic;
				DEVELOPMENT_TEAM = YNXZ52FJT8;
				INFOPLIST_FILE = "mood-reading-machinesTests/Info.plist";
				LD_RUNPATH_SEARCH_PATHS = (
					"$(inherited)",
					"@executable_path/Frameworks",
					"@loader_path/Frameworks",
				);
				PRODUCT_BUNDLE_IDENTIFIER = "com.alinekborges.mood-reading-machinesTests";
				PRODUCT_NAME = "$(TARGET_NAME)";
				SWIFT_VERSION = 4.0;
				TARGETED_DEVICE_FAMILY = "1,2";
				TEST_HOST = "$(BUILT_PRODUCTS_DIR)/mood-reading-machines.app/mood-reading-machines";
			};
			name = Release;
		};
/* End XCBuildConfiguration section */

/* Begin XCConfigurationList section */
		6B1B1BA92142EC4400EFEA7F /* Build configuration list for PBXProject "mood-reading-machines" */ = {
			isa = XCConfigurationList;
			buildConfigurations = (
				6B1B1BC92142EC4700EFEA7F /* Debug */,
				6B1B1BCA2142EC4700EFEA7F /* Release */,
			);
			defaultConfigurationIsVisible = 0;
			defaultConfigurationName = Release;
		};
		6B1B1BCB2142EC4700EFEA7F /* Build configuration list for PBXNativeTarget "mood-reading-machines" */ = {
			isa = XCConfigurationList;
			buildConfigurations = (
				6B1B1BCC2142EC4700EFEA7F /* Debug */,
				6B1B1BCD2142EC4700EFEA7F /* Release */,
			);
			defaultConfigurationIsVisible = 0;
			defaultConfigurationName = Release;
		};
		6B1B1BCE2142EC4700EFEA7F /* Build configuration list for PBXNativeTarget "mood-reading-machinesTests" */ = {
			isa = XCConfigurationList;
			buildConfigurations = (
				6B1B1BCF2142EC4700EFEA7F /* Debug */,
				6B1B1BD02142EC4700EFEA7F /* Release */,
			);
			defaultConfigurationIsVisible = 0;
			defaultConfigurationName = Release;
		};
/* End XCConfigurationList section */
	};
	rootObject = 6B1B1BA62142EC4400EFEA7F /* Project object */;
}
